
Microsoft Visual Studio Solution File, Format Version 12.00
# Visual Studio Version 17
VisualStudioVersion = 17.3.32901.215
MinimumVisualStudioVersion = 10.0.40219.1
Project("{FAE04EC0-301F-11D3-BF4B-00C04F79EFBC}") = "EsariApp.Android", "EsariApp\EsariApp.Android\EsariApp.Android.csproj", "{A4C9FCC6-2648-4934-9D26-CCC9CBC17424}"
EndProject
Project("{FAE04EC0-301F-11D3-BF4B-00C04F79EFBC}") = "EsariApp", "EsariApp\EsariApp\EsariApp.csproj", "{72635976-B387-4DB0-807B-7421F1042427}"
EndProject
Global
	GlobalSection(SolutionConfigurationPlatforms) = preSolution
		Debug|Any CPU = Debug|Any CPU
		Release|Any CPU = Release|Any CPU
	EndGlobalSection
	GlobalSection(ProjectConfigurationPlatforms) = postSolution
		{A4C9FCC6-2648-4934-9D26-CCC9CBC17424}.Debug|Any CPU.ActiveCfg = Debug|Any CPU
		{A4C9FCC6-2648-4934-9D26-CCC9CBC17424}.Debug|Any CPU.Build.0 = Debug|Any CPU
		{A4C9FCC6-2648-4934-9D26-CCC9CBC17424}.Debug|Any CPU.Deploy.0 = Debug|Any CPU
		{A4C9FCC6-2648-4934-9D26-CCC9CBC17424}.Release|Any CPU.ActiveCfg = Release|Any CPU
		{A4C9FCC6-2648-4934-9D26-CCC9CBC17424}.Release|Any CPU.Build.0 = Release|Any CPU
		{A4C9FCC6-2648-4934-9D26-CCC9CBC17424}.Release|Any CPU.Deploy.0 = Release|Any CPU
		{72635976-B387-4DB0-807B-7421F1042427}.Debug|Any CPU.ActiveCfg = Debug|Any CPU
		{72635976-B387-4DB0-807B-7421F1042427}.Debug|Any CPU.Build.0 = Debug|Any CPU
		{72635976-B387-4DB0-807B-7421F1042427}.Debug|Any CPU.Deploy.0 = Debug|Any CPU
		{72635976-B387-4DB0-807B-7421F1042427}.Release|Any CPU.ActiveCfg = Release|Any CPU
		{72635976-B387-4DB0-807B-7421F1042427}.Release|Any CPU.Build.0 = Release|Any CPU
		{72635976-B387-4DB0-807B-7421F1042427}.Release|Any CPU.Deploy.0 = Release|Any CPU
	EndGlobalSection
	GlobalSection(SolutionProperties) = preSolution
		HideSolutionNode = FALSE
	EndGlobalSection
	GlobalSection(ExtensibilityGlobals) = postSolution
		SolutionGuid = {8C05D245-5C69-47C9-B6F2-72A6AB2B1200}
	EndGlobalSection
EndGlobal
